
Microsoft Visual Studio Solution File, Format Version 12.00
# Visual Studio Version 17
VisualStudioVersion = 17.4.33103.184
MinimumVisualStudioVersion = 10.0.40219.1
Project("{FAE04EC0-301F-11D3-BF4B-00C04F79EFBC}") = "InLineEditDatatable", "InLineEditDatatable\InLineEditDatatable.csproj", "{EBEDAC25-8550-46DF-B5C4-03097517CCBB}"
EndProject
Global
	GlobalSection(SolutionConfigurationPlatforms) = preSolution
		Debug|Any CPU = Debug|Any CPU
		Release|Any CPU = Release|Any CPU
	EndGlobalSection
	GlobalSection(ProjectConfigurationPlatforms) = postSolution
		{EBEDAC25-8550-46DF-B5C4-03097517CCBB}.Debug|Any CPU.ActiveCfg = Debug|Any CPU
		{EBEDAC25-8550-46DF-B5C4-03097517CCBB}.Debug|Any CPU.Build.0 = Debug|Any CPU
		{EBEDAC25-8550-46DF-B5C4-03097517CCBB}.Release|Any CPU.ActiveCfg = Release|Any CPU
		{EBEDAC25-8550-46DF-B5C4-03097517CCBB}.Release|Any CPU.Build.0 = Release|Any CPU
	EndGlobalSection
	GlobalSection(SolutionProperties) = preSolution
		HideSolutionNode = FALSE
	EndGlobalSection
	GlobalSection(ExtensibilityGlobals) = postSolution
		SolutionGuid = {99229770-B22C-4BAB-B28A-115D56727920}
	EndGlobalSection
EndGlobal
